
Microsoft Visual Studio Solution File, Format Version 12.00
# Visual Studio Version 17
VisualStudioVersion = 17.11.35327.3
MinimumVisualStudioVersion = 10.0.40219.1
Project("{FAE04EC0-301F-11D3-BF4B-00C04F79EFBC}") = "ConsoleApp4", "ConsoleApp4\ConsoleApp4.csproj", "{44423067-7B87-4360-A1FD-FB4D1438A786}"
EndProject
Global
	GlobalSection(SolutionConfigurationPlatforms) = preSolution
		Debug|Any CPU = Debug|Any CPU
		Release|Any CPU = Release|Any CPU
	EndGlobalSection
	GlobalSection(ProjectConfigurationPlatforms) = postSolution
		{44423067-7B87-4360-A1FD-FB4D1438A786}.Debug|Any CPU.ActiveCfg = Debug|Any CPU
		{44423067-7B87-4360-A1FD-FB4D1438A786}.Debug|Any CPU.Build.0 = Debug|Any CPU
		{44423067-7B87-4360-A1FD-FB4D1438A786}.Release|Any CPU.ActiveCfg = Release|Any CPU
		{44423067-7B87-4360-A1FD-FB4D1438A786}.Release|Any CPU.Build.0 = Release|Any CPU
	EndGlobalSection
	GlobalSection(SolutionProperties) = preSolution
		HideSolutionNode = FALSE
	EndGlobalSection
	GlobalSection(ExtensibilityGlobals) = postSolution
		SolutionGuid = {6BD0774F-EB3F-4A0D-9106-9B4089B0206D}
	EndGlobalSection
EndGlobal
